
Microsoft Visual Studio Solution File, Format Version 12.00
# Visual Studio Version 17
VisualStudioVersion = 17.5.002.0
MinimumVisualStudioVersion = 10.0.40219.1
Project("{9A19103F-16F7-4668-BE54-9A1E7A4F7556}") = "CASTROBAR_API", "CASTROBAR_API.csproj", "{B89F4E89-EF6F-47B8-BF40-C3AD33B36F58}"
EndProject
Global
	GlobalSection(SolutionConfigurationPlatforms) = preSolution
		Debug|Any CPU = Debug|Any CPU
		Release|Any CPU = Release|Any CPU
	EndGlobalSection
	GlobalSection(ProjectConfigurationPlatforms) = postSolution
		{B89F4E89-EF6F-47B8-BF40-C3AD33B36F58}.Debug|Any CPU.ActiveCfg = Debug|Any CPU
		{B89F4E89-EF6F-47B8-BF40-C3AD33B36F58}.Debug|Any CPU.Build.0 = Debug|Any CPU
		{B89F4E89-EF6F-47B8-BF40-C3AD33B36F58}.Release|Any CPU.ActiveCfg = Release|Any CPU
		{B89F4E89-EF6F-47B8-BF40-C3AD33B36F58}.Release|Any CPU.Build.0 = Release|Any CPU
	EndGlobalSection
	GlobalSection(SolutionProperties) = preSolution
		HideSolutionNode = FALSE
	EndGlobalSection
	GlobalSection(ExtensibilityGlobals) = postSolution
		SolutionGuid = {62C79C61-4423-4CFB-906F-4742F0CDC3A9}
	EndGlobalSection
EndGlobal
